
Microsoft Visual Studio Solution File, Format Version 12.00
# Visual Studio Version 17
VisualStudioVersion = 17.7.34018.315
MinimumVisualStudioVersion = 10.0.40219.1
Project("{FAE04EC0-301F-11D3-BF4B-00C04F79EFBC}") = "WpfForM-CRM", "WpfForM-CRM\WpfForM-CRM.csproj", "{7CCF73F8-E666-4AA9-ABA0-0A4DF7418BEA}"
EndProject
Global
	GlobalSection(SolutionConfigurationPlatforms) = preSolution
		Debug|Any CPU = Debug|Any CPU
		Release|Any CPU = Release|Any CPU
	EndGlobalSection
	GlobalSection(ProjectConfigurationPlatforms) = postSolution
		{7CCF73F8-E666-4AA9-ABA0-0A4DF7418BEA}.Debug|Any CPU.ActiveCfg = Debug|Any CPU
		{7CCF73F8-E666-4AA9-ABA0-0A4DF7418BEA}.Debug|Any CPU.Build.0 = Debug|Any CPU
		{7CCF73F8-E666-4AA9-ABA0-0A4DF7418BEA}.Release|Any CPU.ActiveCfg = Release|Any CPU
		{7CCF73F8-E666-4AA9-ABA0-0A4DF7418BEA}.Release|Any CPU.Build.0 = Release|Any CPU
	EndGlobalSection
	GlobalSection(SolutionProperties) = preSolution
		HideSolutionNode = FALSE
	EndGlobalSection
	GlobalSection(ExtensibilityGlobals) = postSolution
		SolutionGuid = {7C153297-19C7-440B-A121-62545F525B79}
	EndGlobalSection
EndGlobal
